
Microsoft Visual Studio Solution File, Format Version 12.00
# Visual Studio Version 17
VisualStudioVersion = 17.9.34728.123
MinimumVisualStudioVersion = 10.0.40219.1
Project("{FAE04EC0-301F-11D3-BF4B-00C04F79EFBC}") = "Tilmeldingssystem", "Tilmeldingssystem.csproj", "{AC927492-508C-4A39-814B-69A01EB70FDB}"
EndProject
Global
	GlobalSection(SolutionConfigurationPlatforms) = preSolution
		Debug|Any CPU = Debug|Any CPU
		Release|Any CPU = Release|Any CPU
	EndGlobalSection
	GlobalSection(ProjectConfigurationPlatforms) = postSolution
		{AC927492-508C-4A39-814B-69A01EB70FDB}.Debug|Any CPU.ActiveCfg = Debug|Any CPU
		{AC927492-508C-4A39-814B-69A01EB70FDB}.Debug|Any CPU.Build.0 = Debug|Any CPU
		{AC927492-508C-4A39-814B-69A01EB70FDB}.Release|Any CPU.ActiveCfg = Release|Any CPU
		{AC927492-508C-4A39-814B-69A01EB70FDB}.Release|Any CPU.Build.0 = Release|Any CPU
	EndGlobalSection
	GlobalSection(SolutionProperties) = preSolution
		HideSolutionNode = FALSE
	EndGlobalSection
	GlobalSection(ExtensibilityGlobals) = postSolution
		SolutionGuid = {7806F0AC-57B8-4CCA-A593-4C9C5AF5CEC9}
	EndGlobalSection
EndGlobal
